
Microsoft Visual Studio Solution File, Format Version 12.00
# Visual Studio Version 17
VisualStudioVersion = 17.4.33213.308
MinimumVisualStudioVersion = 10.0.40219.1
Project("{9A19103F-16F7-4668-BE54-9A1E7A4F7556}") = "crudSignalR", "crudSignalR\crudSignalR.csproj", "{91E1B718-9F7C-4E10-8ABD-03D35C119651}"
EndProject
Project("{2150E333-8FDC-42A3-9474-1A3956D46DE8}") = "Source", "Source", "{90D495D3-5344-4923-A906-F4A0D3167C9E}"
EndProject
Project("{2150E333-8FDC-42A3-9474-1A3956D46DE8}") = "Core", "Core", "{178A0F72-CEEC-49E3-8856-3DC3317A7CFA}"
EndProject
Project("{2150E333-8FDC-42A3-9474-1A3956D46DE8}") = "Infrastructure", "Infrastructure", "{0A64CD8A-A541-4228-BAF2-560B5ED61891}"
EndProject
Project("{2150E333-8FDC-42A3-9474-1A3956D46DE8}") = "Presentation", "Presentation", "{297053C1-1EF3-4567-B469-824405BEC1D3}"
EndProject
Project("{9A19103F-16F7-4668-BE54-9A1E7A4F7556}") = "crudSignalR.Core.Application", "crudSignalR.Core.Application\crudSignalR.Core.Application.csproj", "{44C97452-84A8-4B8B-8462-28703FE15574}"
EndProject
Project("{9A19103F-16F7-4668-BE54-9A1E7A4F7556}") = "crudSignalR.Core.Domain", "crudSignalR.Core.Domain\crudSignalR.Core.Domain.csproj", "{E2B323CB-C089-4454-A225-4E80E84A8D7F}"
EndProject
Project("{9A19103F-16F7-4668-BE54-9A1E7A4F7556}") = "crudSignalR.Infrastrucure.Persistence", "crudSignalR.Infrastrucure.Persistence\crudSignalR.Infrastrucure.Persistence.csproj", "{98B4FBCB-9F0E-4420-9FF7-5254790E50EB}"
EndProject
Project("{9A19103F-16F7-4668-BE54-9A1E7A4F7556}") = "signalRApiStudent", "signalRApiStudent\signalRApiStudent.csproj", "{5B5644BF-AFE0-4F99-A990-D8AD919E9A86}"
EndProject
Project("{9A19103F-16F7-4668-BE54-9A1E7A4F7556}") = "crudSegnalR.Infrastructure.Identity", "Infrastructure.Identity\crudSegnalR.Infrastructure.Identity.csproj", "{EE8519F7-B78F-4B08-BDD7-68312C0530AE}"
EndProject
Project("{9A19103F-16F7-4668-BE54-9A1E7A4F7556}") = "crudSegnalR.Infrastructure.Shared", "ClassLibrary1\crudSegnalR.Infrastructure.Shared.csproj", "{203B3A09-2602-43BE-993C-EE6A55FE30B5}"
EndProject
Project("{2150E333-8FDC-42A3-9474-1A3956D46DE8}") = "Web", "Web", "{93A560DF-F0A0-4527-B042-12E1AC1C2AC0}"
EndProject
Project("{2150E333-8FDC-42A3-9474-1A3956D46DE8}") = "Api", "Api", "{F69C0E17-29B7-4F04-BC96-33A83C3F6900}"
EndProject
Project("{FAE04EC0-301F-11D3-BF4B-00C04F79EFBC}") = "crudSegnalR.Infrastructure.httpclient", "ClassLibrary2\crudSegnalR.Infrastructure.httpclient.csproj", "{C810E282-BFFE-40F0-A875-979813CFFFA8}"
EndProject
Global
	GlobalSection(SolutionConfigurationPlatforms) = preSolution
		Debug|Any CPU = Debug|Any CPU
		Release|Any CPU = Release|Any CPU
	EndGlobalSection
	GlobalSection(ProjectConfigurationPlatforms) = postSolution
		{91E1B718-9F7C-4E10-8ABD-03D35C119651}.Debug|Any CPU.ActiveCfg = Debug|Any CPU
		{91E1B718-9F7C-4E10-8ABD-03D35C119651}.Debug|Any CPU.Build.0 = Debug|Any CPU
		{91E1B718-9F7C-4E10-8ABD-03D35C119651}.Release|Any CPU.ActiveCfg = Release|Any CPU
		{91E1B718-9F7C-4E10-8ABD-03D35C119651}.Release|Any CPU.Build.0 = Release|Any CPU
		{44C97452-84A8-4B8B-8462-28703FE15574}.Debug|Any CPU.ActiveCfg = Debug|Any CPU
		{44C97452-84A8-4B8B-8462-28703FE15574}.Debug|Any CPU.Build.0 = Debug|Any CPU
		{44C97452-84A8-4B8B-8462-28703FE15574}.Release|Any CPU.ActiveCfg = Release|Any CPU
		{44C97452-84A8-4B8B-8462-28703FE15574}.Release|Any CPU.Build.0 = Release|Any CPU
		{E2B323CB-C089-4454-A225-4E80E84A8D7F}.Debug|Any CPU.ActiveCfg = Debug|Any CPU
		{E2B323CB-C089-4454-A225-4E80E84A8D7F}.Debug|Any CPU.Build.0 = Debug|Any CPU
		{E2B323CB-C089-4454-A225-4E80E84A8D7F}.Release|Any CPU.ActiveCfg = Release|Any CPU
		{E2B323CB-C089-4454-A225-4E80E84A8D7F}.Release|Any CPU.Build.0 = Release|Any CPU
		{98B4FBCB-9F0E-4420-9FF7-5254790E50EB}.Debug|Any CPU.ActiveCfg = Debug|Any CPU
		{98B4FBCB-9F0E-4420-9FF7-5254790E50EB}.Debug|Any CPU.Build.0 = Debug|Any CPU
		{98B4FBCB-9F0E-4420-9FF7-5254790E50EB}.Release|Any CPU.ActiveCfg = Release|Any CPU
		{98B4FBCB-9F0E-4420-9FF7-5254790E50EB}.Release|Any CPU.Build.0 = Release|Any CPU
		{5B5644BF-AFE0-4F99-A990-D8AD919E9A86}.Debug|Any CPU.ActiveCfg = Debug|Any CPU
		{5B5644BF-AFE0-4F99-A990-D8AD919E9A86}.Debug|Any CPU.Build.0 = Debug|Any CPU
		{5B5644BF-AFE0-4F99-A990-D8AD919E9A86}.Release|Any CPU.ActiveCfg = Release|Any CPU
		{5B5644BF-AFE0-4F99-A990-D8AD919E9A86}.Release|Any CPU.Build.0 = Release|Any CPU
		{EE8519F7-B78F-4B08-BDD7-68312C0530AE}.Debug|Any CPU.ActiveCfg = Debug|Any CPU
		{EE8519F7-B78F-4B08-BDD7-68312C0530AE}.Debug|Any CPU.Build.0 = Debug|Any CPU
		{EE8519F7-B78F-4B08-BDD7-68312C0530AE}.Release|Any CPU.ActiveCfg = Release|Any CPU
		{EE8519F7-B78F-4B08-BDD7-68312C0530AE}.Release|Any CPU.Build.0 = Release|Any CPU
		{203B3A09-2602-43BE-993C-EE6A55FE30B5}.Debug|Any CPU.ActiveCfg = Debug|Any CPU
		{203B3A09-2602-43BE-993C-EE6A55FE30B5}.Debug|Any CPU.Build.0 = Debug|Any CPU
		{203B3A09-2602-43BE-993C-EE6A55FE30B5}.Release|Any CPU.ActiveCfg = Release|Any CPU
		{203B3A09-2602-43BE-993C-EE6A55FE30B5}.Release|Any CPU.Build.0 = Release|Any CPU
		{C810E282-BFFE-40F0-A875-979813CFFFA8}.Debug|Any CPU.ActiveCfg = Debug|Any CPU
		{C810E282-BFFE-40F0-A875-979813CFFFA8}.Debug|Any CPU.Build.0 = Debug|Any CPU
		{C810E282-BFFE-40F0-A875-979813CFFFA8}.Release|Any CPU.ActiveCfg = Release|Any CPU
		{C810E282-BFFE-40F0-A875-979813CFFFA8}.Release|Any CPU.Build.0 = Release|Any CPU
	EndGlobalSection
	GlobalSection(SolutionProperties) = preSolution
		HideSolutionNode = FALSE
	EndGlobalSection
	GlobalSection(NestedProjects) = preSolution
		{91E1B718-9F7C-4E10-8ABD-03D35C119651} = {93A560DF-F0A0-4527-B042-12E1AC1C2AC0}
		{178A0F72-CEEC-49E3-8856-3DC3317A7CFA} = {90D495D3-5344-4923-A906-F4A0D3167C9E}
		{0A64CD8A-A541-4228-BAF2-560B5ED61891} = {90D495D3-5344-4923-A906-F4A0D3167C9E}
		{297053C1-1EF3-4567-B469-824405BEC1D3} = {90D495D3-5344-4923-A906-F4A0D3167C9E}
		{44C97452-84A8-4B8B-8462-28703FE15574} = {178A0F72-CEEC-49E3-8856-3DC3317A7CFA}
		{E2B323CB-C089-4454-A225-4E80E84A8D7F} = {178A0F72-CEEC-49E3-8856-3DC3317A7CFA}
		{98B4FBCB-9F0E-4420-9FF7-5254790E50EB} = {0A64CD8A-A541-4228-BAF2-560B5ED61891}
		{5B5644BF-AFE0-4F99-A990-D8AD919E9A86} = {F69C0E17-29B7-4F04-BC96-33A83C3F6900}
		{EE8519F7-B78F-4B08-BDD7-68312C0530AE} = {0A64CD8A-A541-4228-BAF2-560B5ED61891}
		{203B3A09-2602-43BE-993C-EE6A55FE30B5} = {0A64CD8A-A541-4228-BAF2-560B5ED61891}
		{93A560DF-F0A0-4527-B042-12E1AC1C2AC0} = {297053C1-1EF3-4567-B469-824405BEC1D3}
		{F69C0E17-29B7-4F04-BC96-33A83C3F6900} = {297053C1-1EF3-4567-B469-824405BEC1D3}
		{C810E282-BFFE-40F0-A875-979813CFFFA8} = {0A64CD8A-A541-4228-BAF2-560B5ED61891}
	EndGlobalSection
	GlobalSection(ExtensibilityGlobals) = postSolution
		SolutionGuid = {A9077C4C-F8A8-46F8-AFAF-9D8EB1BEAEB3}
	EndGlobalSection
EndGlobal
